
Microsoft Visual Studio Solution File, Format Version 12.00
# Visual Studio 15
VisualStudioVersion = 15.0.28307.421
MinimumVisualStudioVersion = 10.0.40219.1
Project("{FAE04EC0-301F-11D3-BF4B-00C04F79EFBC}") = "Observer", "Observer\Observer.csproj", "{C12A11F3-B3F8-4AAE-9294-CAB62E3E58B1}"
EndProject
Project("{2150E333-8FDC-42A3-9474-1A3956D46DE8}") = "Solution Items", "Solution Items", "{FA32600F-7157-4AD6-A65D-5FE2371E4EA3}"
	ProjectSection(SolutionItems) = preProject
		XMLFile1.xml = XMLFile1.xml
	EndProjectSection
EndProject
Project("{FAE04EC0-301F-11D3-BF4B-00C04F79EFBC}") = "Decorator", "Decorator\Decorator.csproj", "{9097E7D3-087E-49AA-B47F-58023F796E34}"
EndProject
Project("{FAE04EC0-301F-11D3-BF4B-00C04F79EFBC}") = "Factory", "Factory\Factory.csproj", "{6005A499-0170-4BCB-8A55-DB06042B689C}"
EndProject
Project("{FAE04EC0-301F-11D3-BF4B-00C04F79EFBC}") = "AbstractFactory", "AbstractFactory\AbstractFactory.csproj", "{C81949E1-F8D7-441A-9098-8DD6FC937DA1}"
EndProject
Global
	GlobalSection(SolutionConfigurationPlatforms) = preSolution
		Debug|Any CPU = Debug|Any CPU
		Release|Any CPU = Release|Any CPU
	EndGlobalSection
	GlobalSection(ProjectConfigurationPlatforms) = postSolution
		{C12A11F3-B3F8-4AAE-9294-CAB62E3E58B1}.Debug|Any CPU.ActiveCfg = Debug|Any CPU
		{C12A11F3-B3F8-4AAE-9294-CAB62E3E58B1}.Debug|Any CPU.Build.0 = Debug|Any CPU
		{C12A11F3-B3F8-4AAE-9294-CAB62E3E58B1}.Release|Any CPU.ActiveCfg = Release|Any CPU
		{C12A11F3-B3F8-4AAE-9294-CAB62E3E58B1}.Release|Any CPU.Build.0 = Release|Any CPU
		{9097E7D3-087E-49AA-B47F-58023F796E34}.Debug|Any CPU.ActiveCfg = Debug|Any CPU
		{9097E7D3-087E-49AA-B47F-58023F796E34}.Debug|Any CPU.Build.0 = Debug|Any CPU
		{9097E7D3-087E-49AA-B47F-58023F796E34}.Release|Any CPU.ActiveCfg = Release|Any CPU
		{9097E7D3-087E-49AA-B47F-58023F796E34}.Release|Any CPU.Build.0 = Release|Any CPU
		{6005A499-0170-4BCB-8A55-DB06042B689C}.Debug|Any CPU.ActiveCfg = Debug|Any CPU
		{6005A499-0170-4BCB-8A55-DB06042B689C}.Debug|Any CPU.Build.0 = Debug|Any CPU
		{6005A499-0170-4BCB-8A55-DB06042B689C}.Release|Any CPU.ActiveCfg = Release|Any CPU
		{6005A499-0170-4BCB-8A55-DB06042B689C}.Release|Any CPU.Build.0 = Release|Any CPU
		{C81949E1-F8D7-441A-9098-8DD6FC937DA1}.Debug|Any CPU.ActiveCfg = Debug|Any CPU
		{C81949E1-F8D7-441A-9098-8DD6FC937DA1}.Debug|Any CPU.Build.0 = Debug|Any CPU
		{C81949E1-F8D7-441A-9098-8DD6FC937DA1}.Release|Any CPU.ActiveCfg = Release|Any CPU
		{C81949E1-F8D7-441A-9098-8DD6FC937DA1}.Release|Any CPU.Build.0 = Release|Any CPU
	EndGlobalSection
	GlobalSection(SolutionProperties) = preSolution
		HideSolutionNode = FALSE
	EndGlobalSection
	GlobalSection(ExtensibilityGlobals) = postSolution
		SolutionGuid = {EE6BEF24-2311-451D-862A-CDB560967B06}
	EndGlobalSection
EndGlobal
